
Microsoft Visual Studio Solution File, Format Version 12.00
# Visual Studio Version 17
VisualStudioVersion = 17.7.34024.191
MinimumVisualStudioVersion = 10.0.40219.1
Project("{9A19103F-16F7-4668-BE54-9A1E7A4F7556}") = "CSCI455ProjectActual", "CSCI455ProjectActual\CSCI455ProjectActual.csproj", "{3F39861F-47C4-4332-B2EE-8B275D854850}"
EndProject
Global
	GlobalSection(SolutionConfigurationPlatforms) = preSolution
		Debug|Any CPU = Debug|Any CPU
		Release|Any CPU = Release|Any CPU
	EndGlobalSection
	GlobalSection(ProjectConfigurationPlatforms) = postSolution
		{3F39861F-47C4-4332-B2EE-8B275D854850}.Debug|Any CPU.ActiveCfg = Debug|Any CPU
		{3F39861F-47C4-4332-B2EE-8B275D854850}.Debug|Any CPU.Build.0 = Debug|Any CPU
		{3F39861F-47C4-4332-B2EE-8B275D854850}.Release|Any CPU.ActiveCfg = Release|Any CPU
		{3F39861F-47C4-4332-B2EE-8B275D854850}.Release|Any CPU.Build.0 = Release|Any CPU
	EndGlobalSection
	GlobalSection(SolutionProperties) = preSolution
		HideSolutionNode = FALSE
	EndGlobalSection
	GlobalSection(ExtensibilityGlobals) = postSolution
		SolutionGuid = {42053940-6714-4F76-B629-C7CCF6E88D60}
	EndGlobalSection
EndGlobal
